
Microsoft Visual Studio Solution File, Format Version 12.00
# Visual Studio Version 17
VisualStudioVersion = 17.5.33530.505
MinimumVisualStudioVersion = 10.0.40219.1
Project("{FAE04EC0-301F-11D3-BF4B-00C04F79EFBC}") = "PigLatinLab", "PigLatinLab\PigLatinLab.csproj", "{8974FE54-3401-4B7E-B35A-478F91E2B592}"
EndProject
Global
	GlobalSection(SolutionConfigurationPlatforms) = preSolution
		Debug|Any CPU = Debug|Any CPU
		Release|Any CPU = Release|Any CPU
	EndGlobalSection
	GlobalSection(ProjectConfigurationPlatforms) = postSolution
		{8974FE54-3401-4B7E-B35A-478F91E2B592}.Debug|Any CPU.ActiveCfg = Debug|Any CPU
		{8974FE54-3401-4B7E-B35A-478F91E2B592}.Debug|Any CPU.Build.0 = Debug|Any CPU
		{8974FE54-3401-4B7E-B35A-478F91E2B592}.Release|Any CPU.ActiveCfg = Release|Any CPU
		{8974FE54-3401-4B7E-B35A-478F91E2B592}.Release|Any CPU.Build.0 = Release|Any CPU
	EndGlobalSection
	GlobalSection(SolutionProperties) = preSolution
		HideSolutionNode = FALSE
	EndGlobalSection
	GlobalSection(ExtensibilityGlobals) = postSolution
		SolutionGuid = {B22EA758-FF9F-4324-83EE-60EE48BA83C9}
	EndGlobalSection
EndGlobal
